
Microsoft Visual Studio Solution File, Format Version 12.00
# Visual Studio Version 17
VisualStudioVersion = 17.8.34316.72
MinimumVisualStudioVersion = 10.0.40219.1
Project("{2150E333-8FDC-42A3-9474-1A3956D46DE8}") = "Task0", "Task0", "{C75295E5-7DD8-42CC-8016-E496B210036E}"
EndProject
Project("{FAE04EC0-301F-11D3-BF4B-00C04F79EFBC}") = "Tyuiu.MeshcheryakovPV.Sprint6.Task0.V24.Test", "Tyuiu.MeshcheryakovPV.Sprint6.Task0.V24.Test\Tyuiu.MeshcheryakovPV.Sprint6.Task0.V24.Test.csproj", "{61EC6BAD-2D6E-4A91-A559-18081F0EA164}"
EndProject
Project("{FAE04EC0-301F-11D3-BF4B-00C04F79EFBC}") = "Tyuiu.MeshcheryakovPV.Sprint6.Task0.V24.Lib", "Tyuiu.MeshcheryakovPV.Sprint6.Task0.V24.Lib\Tyuiu.MeshcheryakovPV.Sprint6.Task0.V24.Lib.csproj", "{756ABD25-C99F-48C9-A6EC-2D8EAD2A5C5C}"
EndProject
Project("{FAE04EC0-301F-11D3-BF4B-00C04F79EFBC}") = "Tyuiu.MeshcheryakovPV.Sprint6.Task0.V24", "Tyuiu.MeshcheryakovPV.Sprint6.Task0.V24\Tyuiu.MeshcheryakovPV.Sprint6.Task0.V24.csproj", "{C95D7B4F-BA0E-41C6-8762-A21FCE1C2681}"
EndProject
Project("{2150E333-8FDC-42A3-9474-1A3956D46DE8}") = "Task1", "Task1", "{D273B965-D9FA-4062-AD5D-3D69AAB5793C}"
EndProject
Project("{FAE04EC0-301F-11D3-BF4B-00C04F79EFBC}") = "Tyuiu.MeshcheryakovPV.Sprint6.Task1.V27.Lib", "Tyuiu.MeshcheryakovPV.Sprint6.Task1.V27.Lib\Tyuiu.MeshcheryakovPV.Sprint6.Task1.V27.Lib.csproj", "{73E49F97-6D96-409F-B4F5-D8D1450DB9A0}"
EndProject
Project("{FAE04EC0-301F-11D3-BF4B-00C04F79EFBC}") = "Tyuiu.MeshcheryakovPV.Sprint6.Task1.V27.Test", "Tyuiu.MeshcheryakovPV.Sprint6.Task1.V27.Test\Tyuiu.MeshcheryakovPV.Sprint6.Task1.V27.Test.csproj", "{8D3D08E4-DE48-4753-839C-085923F41055}"
EndProject
Project("{FAE04EC0-301F-11D3-BF4B-00C04F79EFBC}") = "Tyuiu.MeshcheryakovPV.Sprint6.Task1.V27", "Tyuiu.MeshcheryakovPV.Sprint6.Task1.V27\Tyuiu.MeshcheryakovPV.Sprint6.Task1.V27.csproj", "{60DB4E8F-6921-4BD3-8F99-037C35C37C0E}"
EndProject
Project("{FAE04EC0-301F-11D3-BF4B-00C04F79EFBC}") = "Tyuiu.MeshcheryakovPV.Sprint6.Task2.V14.Lib", "Tyuiu.MeshcheryakovPV.Sprint6.Task2.V14.Lib\Tyuiu.MeshcheryakovPV.Sprint6.Task2.V14.Lib.csproj", "{2BF8B9AA-B00E-457D-AD62-625C512764CD}"
EndProject
Project("{2150E333-8FDC-42A3-9474-1A3956D46DE8}") = "Task2", "Task2", "{D9F3488B-0526-41B2-B44F-14D084B4E198}"
EndProject
Project("{FAE04EC0-301F-11D3-BF4B-00C04F79EFBC}") = "Tyuiu.MeshcheryakovPV.Sprint6.Task2.V14.Test", "Tyuiu.MeshcheryakovPV.Sprint6.Task2.V14.Test\Tyuiu.MeshcheryakovPV.Sprint6.Task2.V14.Test.csproj", "{6122B356-D104-4FF8-8918-41920746C59C}"
EndProject
Project("{FAE04EC0-301F-11D3-BF4B-00C04F79EFBC}") = "Tyuiu.MeshcheryakovPV.Sprint6.Task2.V14", "Tyuiu.MeshcheryakovPV.Sprint6.Task2.V14\Tyuiu.MeshcheryakovPV.Sprint6.Task2.V14.csproj", "{C27E82BC-6376-4AA7-B4AC-826075DF4E18}"
EndProject
Project("{2150E333-8FDC-42A3-9474-1A3956D46DE8}") = "Task3", "Task3", "{99FE5A5B-C95A-4074-9E5D-0D5F2AC49F23}"
EndProject
Project("{FAE04EC0-301F-11D3-BF4B-00C04F79EFBC}") = "Tyuiu.MeshcheryakovPV.Sprint6.Task3.V5.Lib", "Tyuiu.MeshcheryakovPV.Sprint6.Task3.V5.Lib\Tyuiu.MeshcheryakovPV.Sprint6.Task3.V5.Lib.csproj", "{2A7912D7-E37A-47E9-B9AF-EF5217DBB0D1}"
EndProject
Project("{FAE04EC0-301F-11D3-BF4B-00C04F79EFBC}") = "Tyuiu.MeshcheryakovPV.Sprint6.Task3.V5.Test", "Tyuiu.MeshcheryakovPV.Sprint6.Task3.V5.Test\Tyuiu.MeshcheryakovPV.Sprint6.Task3.V5.Test.csproj", "{09A8D299-9D90-4F1B-9197-5DB05665C0A7}"
EndProject
Project("{FAE04EC0-301F-11D3-BF4B-00C04F79EFBC}") = "Tyuiu.MeshcheryakovPV.Sprint6.Task3.V5", "Tyuiu.MeshcheryakovPV.Sprint6.Task3.V5\Tyuiu.MeshcheryakovPV.Sprint6.Task3.V5.csproj", "{946760E1-4A9B-4395-95E8-DCA0E1F19288}"
EndProject
Project("{2150E333-8FDC-42A3-9474-1A3956D46DE8}") = "Task4", "Task4", "{A2052B2B-3992-4BD3-8452-26E15EF3979A}"
EndProject
Project("{FAE04EC0-301F-11D3-BF4B-00C04F79EFBC}") = "Tyuiu.MeshcheryakovPV.Sprint6.Task4.V23.Lib", "Tyuiu.MeshcheryakovPV.Sprint6.Task4.V23.Lib\Tyuiu.MeshcheryakovPV.Sprint6.Task4.V23.Lib.csproj", "{60DD92CA-0495-407B-98FF-209F392531FE}"
EndProject
Project("{FAE04EC0-301F-11D3-BF4B-00C04F79EFBC}") = "Tyuiu.MeshcheryakovPV.Sprint6.Task4.V23.Test", "Tyuiu.MeshcheryakovPV.Sprint6.Task4.V23.Test\Tyuiu.MeshcheryakovPV.Sprint6.Task4.V23.Test.csproj", "{9BD9A17A-96AF-4778-83C4-A79D1DAEA9CC}"
EndProject
Project("{FAE04EC0-301F-11D3-BF4B-00C04F79EFBC}") = "Tyuiu.MeshcheryakovPV.Sprint6.Task4.V23", "Tyuiu.MeshcheryakovPV.Sprint6.Task4.V23\Tyuiu.MeshcheryakovPV.Sprint6.Task4.V23.csproj", "{B166E60A-C1CC-4F42-8574-DFE5D31D8021}"
EndProject
Project("{2150E333-8FDC-42A3-9474-1A3956D46DE8}") = "Task5", "Task5", "{67AC51AD-A668-4528-8527-6CA80A5EFFE4}"
EndProject
Project("{FAE04EC0-301F-11D3-BF4B-00C04F79EFBC}") = "Tyuiu.MeshcheryakovPV.Sprint6.Task5.V25.Lib", "Tyuiu.MeshcheryakovPV.Sprint6.Task5.V25.Lib\Tyuiu.MeshcheryakovPV.Sprint6.Task5.V25.Lib.csproj", "{70056B41-33FD-43EB-9950-A4A8317AE073}"
EndProject
Project("{FAE04EC0-301F-11D3-BF4B-00C04F79EFBC}") = "Tyuiu.MeshcheryakovPV.Sprint6.Task5.V25.Test", "Tyuiu.MeshcheryakovPV.Sprint6.Task5.V25.Test\Tyuiu.MeshcheryakovPV.Sprint6.Task5.V25.Test.csproj", "{1E86B07C-B269-4B17-B494-EF4B39B2B2D7}"
EndProject
Project("{FAE04EC0-301F-11D3-BF4B-00C04F79EFBC}") = "Tyuiu.MeshcheryakovPV.Sprint6.Task5.V25", "Tyuiu.MeshcheryakovPV.Sprint6.Task5.V25\Tyuiu.MeshcheryakovPV.Sprint6.Task5.V25.csproj", "{4EA566C3-B09B-4C97-BBFB-D93EC7799254}"
EndProject
Project("{2150E333-8FDC-42A3-9474-1A3956D46DE8}") = "Task6", "Task6", "{49AE4CC6-7E0C-4684-8322-C486921B7E89}"
EndProject
Project("{FAE04EC0-301F-11D3-BF4B-00C04F79EFBC}") = "Tyuiu.MeshcheryakovPV.Sprint6.Task6.V20.Lib", "Tyuiu.MeshcheryakovPV.Sprint6.Task6.V20.Lib\Tyuiu.MeshcheryakovPV.Sprint6.Task6.V20.Lib.csproj", "{D4191966-D5C5-48F0-80F3-94B35D17FBE3}"
EndProject
Project("{FAE04EC0-301F-11D3-BF4B-00C04F79EFBC}") = "Tyuiu.MeshcheryakovPV.Sprint6.Task6.V20.Test", "Tyuiu.MeshcheryakovPV.Sprint6.Task6.V20.Test\Tyuiu.MeshcheryakovPV.Sprint6.Task6.V20.Test.csproj", "{53E6D8BB-5174-4F6E-ADD5-0AED4A127806}"
EndProject
Project("{FAE04EC0-301F-11D3-BF4B-00C04F79EFBC}") = "Tyuiu.MeshcheryakovPV.Sprint6.Task6.V20", "Tyuiu.MeshcheryakovPV.Sprint6.Task6.V20\Tyuiu.MeshcheryakovPV.Sprint6.Task6.V20.csproj", "{AD9AF50B-39D2-495F-AD83-3A5999BA8ABD}"
EndProject
Global
	GlobalSection(SolutionConfigurationPlatforms) = preSolution
		Debug|Any CPU = Debug|Any CPU
		Release|Any CPU = Release|Any CPU
	EndGlobalSection
	GlobalSection(ProjectConfigurationPlatforms) = postSolution
		{61EC6BAD-2D6E-4A91-A559-18081F0EA164}.Debug|Any CPU.ActiveCfg = Debug|Any CPU
		{61EC6BAD-2D6E-4A91-A559-18081F0EA164}.Debug|Any CPU.Build.0 = Debug|Any CPU
		{61EC6BAD-2D6E-4A91-A559-18081F0EA164}.Release|Any CPU.ActiveCfg = Release|Any CPU
		{61EC6BAD-2D6E-4A91-A559-18081F0EA164}.Release|Any CPU.Build.0 = Release|Any CPU
		{756ABD25-C99F-48C9-A6EC-2D8EAD2A5C5C}.Debug|Any CPU.ActiveCfg = Debug|Any CPU
		{756ABD25-C99F-48C9-A6EC-2D8EAD2A5C5C}.Debug|Any CPU.Build.0 = Debug|Any CPU
		{756ABD25-C99F-48C9-A6EC-2D8EAD2A5C5C}.Release|Any CPU.ActiveCfg = Release|Any CPU
		{756ABD25-C99F-48C9-A6EC-2D8EAD2A5C5C}.Release|Any CPU.Build.0 = Release|Any CPU
		{C95D7B4F-BA0E-41C6-8762-A21FCE1C2681}.Debug|Any CPU.ActiveCfg = Debug|Any CPU
		{C95D7B4F-BA0E-41C6-8762-A21FCE1C2681}.Debug|Any CPU.Build.0 = Debug|Any CPU
		{C95D7B4F-BA0E-41C6-8762-A21FCE1C2681}.Release|Any CPU.ActiveCfg = Release|Any CPU
		{C95D7B4F-BA0E-41C6-8762-A21FCE1C2681}.Release|Any CPU.Build.0 = Release|Any CPU
		{73E49F97-6D96-409F-B4F5-D8D1450DB9A0}.Debug|Any CPU.ActiveCfg = Debug|Any CPU
		{73E49F97-6D96-409F-B4F5-D8D1450DB9A0}.Debug|Any CPU.Build.0 = Debug|Any CPU
		{73E49F97-6D96-409F-B4F5-D8D1450DB9A0}.Release|Any CPU.ActiveCfg = Release|Any CPU
		{73E49F97-6D96-409F-B4F5-D8D1450DB9A0}.Release|Any CPU.Build.0 = Release|Any CPU
		{8D3D08E4-DE48-4753-839C-085923F41055}.Debug|Any CPU.ActiveCfg = Debug|Any CPU
		{8D3D08E4-DE48-4753-839C-085923F41055}.Debug|Any CPU.Build.0 = Debug|Any CPU
		{8D3D08E4-DE48-4753-839C-085923F41055}.Release|Any CPU.ActiveCfg = Release|Any CPU
		{8D3D08E4-DE48-4753-839C-085923F41055}.Release|Any CPU.Build.0 = Release|Any CPU
		{60DB4E8F-6921-4BD3-8F99-037C35C37C0E}.Debug|Any CPU.ActiveCfg = Debug|Any CPU
		{60DB4E8F-6921-4BD3-8F99-037C35C37C0E}.Debug|Any CPU.Build.0 = Debug|Any CPU
		{60DB4E8F-6921-4BD3-8F99-037C35C37C0E}.Release|Any CPU.ActiveCfg = Release|Any CPU
		{60DB4E8F-6921-4BD3-8F99-037C35C37C0E}.Release|Any CPU.Build.0 = Release|Any CPU
		{2BF8B9AA-B00E-457D-AD62-625C512764CD}.Debug|Any CPU.ActiveCfg = Debug|Any CPU
		{2BF8B9AA-B00E-457D-AD62-625C512764CD}.Debug|Any CPU.Build.0 = Debug|Any CPU
		{2BF8B9AA-B00E-457D-AD62-625C512764CD}.Release|Any CPU.ActiveCfg = Release|Any CPU
		{2BF8B9AA-B00E-457D-AD62-625C512764CD}.Release|Any CPU.Build.0 = Release|Any CPU
		{6122B356-D104-4FF8-8918-41920746C59C}.Debug|Any CPU.ActiveCfg = Debug|Any CPU
		{6122B356-D104-4FF8-8918-41920746C59C}.Debug|Any CPU.Build.0 = Debug|Any CPU
		{6122B356-D104-4FF8-8918-41920746C59C}.Release|Any CPU.ActiveCfg = Release|Any CPU
		{6122B356-D104-4FF8-8918-41920746C59C}.Release|Any CPU.Build.0 = Release|Any CPU
		{C27E82BC-6376-4AA7-B4AC-826075DF4E18}.Debug|Any CPU.ActiveCfg = Debug|Any CPU
		{C27E82BC-6376-4AA7-B4AC-826075DF4E18}.Debug|Any CPU.Build.0 = Debug|Any CPU
		{C27E82BC-6376-4AA7-B4AC-826075DF4E18}.Release|Any CPU.ActiveCfg = Release|Any CPU
		{C27E82BC-6376-4AA7-B4AC-826075DF4E18}.Release|Any CPU.Build.0 = Release|Any CPU
		{2A7912D7-E37A-47E9-B9AF-EF5217DBB0D1}.Debug|Any CPU.ActiveCfg = Debug|Any CPU
		{2A7912D7-E37A-47E9-B9AF-EF5217DBB0D1}.Debug|Any CPU.Build.0 = Debug|Any CPU
		{2A7912D7-E37A-47E9-B9AF-EF5217DBB0D1}.Release|Any CPU.ActiveCfg = Release|Any CPU
		{2A7912D7-E37A-47E9-B9AF-EF5217DBB0D1}.Release|Any CPU.Build.0 = Release|Any CPU
		{09A8D299-9D90-4F1B-9197-5DB05665C0A7}.Debug|Any CPU.ActiveCfg = Debug|Any CPU
		{09A8D299-9D90-4F1B-9197-5DB05665C0A7}.Debug|Any CPU.Build.0 = Debug|Any CPU
		{09A8D299-9D90-4F1B-9197-5DB05665C0A7}.Release|Any CPU.ActiveCfg = Release|Any CPU
		{09A8D299-9D90-4F1B-9197-5DB05665C0A7}.Release|Any CPU.Build.0 = Release|Any CPU
		{946760E1-4A9B-4395-95E8-DCA0E1F19288}.Debug|Any CPU.ActiveCfg = Debug|Any CPU
		{946760E1-4A9B-4395-95E8-DCA0E1F19288}.Debug|Any CPU.Build.0 = Debug|Any CPU
		{946760E1-4A9B-4395-95E8-DCA0E1F19288}.Release|Any CPU.ActiveCfg = Release|Any CPU
		{946760E1-4A9B-4395-95E8-DCA0E1F19288}.Release|Any CPU.Build.0 = Release|Any CPU
		{60DD92CA-0495-407B-98FF-209F392531FE}.Debug|Any CPU.ActiveCfg = Debug|Any CPU
		{60DD92CA-0495-407B-98FF-209F392531FE}.Debug|Any CPU.Build.0 = Debug|Any CPU
		{60DD92CA-0495-407B-98FF-209F392531FE}.Release|Any CPU.ActiveCfg = Release|Any CPU
		{60DD92CA-0495-407B-98FF-209F392531FE}.Release|Any CPU.Build.0 = Release|Any CPU
		{9BD9A17A-96AF-4778-83C4-A79D1DAEA9CC}.Debug|Any CPU.ActiveCfg = Debug|Any CPU
		{9BD9A17A-96AF-4778-83C4-A79D1DAEA9CC}.Debug|Any CPU.Build.0 = Debug|Any CPU
		{9BD9A17A-96AF-4778-83C4-A79D1DAEA9CC}.Release|Any CPU.ActiveCfg = Release|Any CPU
		{9BD9A17A-96AF-4778-83C4-A79D1DAEA9CC}.Release|Any CPU.Build.0 = Release|Any CPU
		{B166E60A-C1CC-4F42-8574-DFE5D31D8021}.Debug|Any CPU.ActiveCfg = Debug|Any CPU
		{B166E60A-C1CC-4F42-8574-DFE5D31D8021}.Debug|Any CPU.Build.0 = Debug|Any CPU
		{B166E60A-C1CC-4F42-8574-DFE5D31D8021}.Release|Any CPU.ActiveCfg = Release|Any CPU
		{B166E60A-C1CC-4F42-8574-DFE5D31D8021}.Release|Any CPU.Build.0 = Release|Any CPU
		{70056B41-33FD-43EB-9950-A4A8317AE073}.Debug|Any CPU.ActiveCfg = Debug|Any CPU
		{70056B41-33FD-43EB-9950-A4A8317AE073}.Debug|Any CPU.Build.0 = Debug|Any CPU
		{70056B41-33FD-43EB-9950-A4A8317AE073}.Release|Any CPU.ActiveCfg = Release|Any CPU
		{70056B41-33FD-43EB-9950-A4A8317AE073}.Release|Any CPU.Build.0 = Release|Any CPU
		{1E86B07C-B269-4B17-B494-EF4B39B2B2D7}.Debug|Any CPU.ActiveCfg = Debug|Any CPU
		{1E86B07C-B269-4B17-B494-EF4B39B2B2D7}.Debug|Any CPU.Build.0 = Debug|Any CPU
		{1E86B07C-B269-4B17-B494-EF4B39B2B2D7}.Release|Any CPU.ActiveCfg = Release|Any CPU
		{1E86B07C-B269-4B17-B494-EF4B39B2B2D7}.Release|Any CPU.Build.0 = Release|Any CPU
		{4EA566C3-B09B-4C97-BBFB-D93EC7799254}.Debug|Any CPU.ActiveCfg = Debug|Any CPU
		{4EA566C3-B09B-4C97-BBFB-D93EC7799254}.Debug|Any CPU.Build.0 = Debug|Any CPU
		{4EA566C3-B09B-4C97-BBFB-D93EC7799254}.Release|Any CPU.ActiveCfg = Release|Any CPU
		{4EA566C3-B09B-4C97-BBFB-D93EC7799254}.Release|Any CPU.Build.0 = Release|Any CPU
		{D4191966-D5C5-48F0-80F3-94B35D17FBE3}.Debug|Any CPU.ActiveCfg = Debug|Any CPU
		{D4191966-D5C5-48F0-80F3-94B35D17FBE3}.Debug|Any CPU.Build.0 = Debug|Any CPU
		{D4191966-D5C5-48F0-80F3-94B35D17FBE3}.Release|Any CPU.ActiveCfg = Release|Any CPU
		{D4191966-D5C5-48F0-80F3-94B35D17FBE3}.Release|Any CPU.Build.0 = Release|Any CPU
		{53E6D8BB-5174-4F6E-ADD5-0AED4A127806}.Debug|Any CPU.ActiveCfg = Debug|Any CPU
		{53E6D8BB-5174-4F6E-ADD5-0AED4A127806}.Debug|Any CPU.Build.0 = Debug|Any CPU
		{53E6D8BB-5174-4F6E-ADD5-0AED4A127806}.Release|Any CPU.ActiveCfg = Release|Any CPU
		{53E6D8BB-5174-4F6E-ADD5-0AED4A127806}.Release|Any CPU.Build.0 = Release|Any CPU
		{AD9AF50B-39D2-495F-AD83-3A5999BA8ABD}.Debug|Any CPU.ActiveCfg = Debug|Any CPU
		{AD9AF50B-39D2-495F-AD83-3A5999BA8ABD}.Debug|Any CPU.Build.0 = Debug|Any CPU
		{AD9AF50B-39D2-495F-AD83-3A5999BA8ABD}.Release|Any CPU.ActiveCfg = Release|Any CPU
		{AD9AF50B-39D2-495F-AD83-3A5999BA8ABD}.Release|Any CPU.Build.0 = Release|Any CPU
	EndGlobalSection
	GlobalSection(SolutionProperties) = preSolution
		HideSolutionNode = FALSE
	EndGlobalSection
	GlobalSection(NestedProjects) = preSolution
		{61EC6BAD-2D6E-4A91-A559-18081F0EA164} = {C75295E5-7DD8-42CC-8016-E496B210036E}
		{756ABD25-C99F-48C9-A6EC-2D8EAD2A5C5C} = {C75295E5-7DD8-42CC-8016-E496B210036E}
		{C95D7B4F-BA0E-41C6-8762-A21FCE1C2681} = {C75295E5-7DD8-42CC-8016-E496B210036E}
		{73E49F97-6D96-409F-B4F5-D8D1450DB9A0} = {D273B965-D9FA-4062-AD5D-3D69AAB5793C}
		{8D3D08E4-DE48-4753-839C-085923F41055} = {D273B965-D9FA-4062-AD5D-3D69AAB5793C}
		{60DB4E8F-6921-4BD3-8F99-037C35C37C0E} = {D273B965-D9FA-4062-AD5D-3D69AAB5793C}
		{2BF8B9AA-B00E-457D-AD62-625C512764CD} = {D9F3488B-0526-41B2-B44F-14D084B4E198}
		{6122B356-D104-4FF8-8918-41920746C59C} = {D9F3488B-0526-41B2-B44F-14D084B4E198}
		{C27E82BC-6376-4AA7-B4AC-826075DF4E18} = {D9F3488B-0526-41B2-B44F-14D084B4E198}
		{2A7912D7-E37A-47E9-B9AF-EF5217DBB0D1} = {99FE5A5B-C95A-4074-9E5D-0D5F2AC49F23}
		{09A8D299-9D90-4F1B-9197-5DB05665C0A7} = {99FE5A5B-C95A-4074-9E5D-0D5F2AC49F23}
		{946760E1-4A9B-4395-95E8-DCA0E1F19288} = {99FE5A5B-C95A-4074-9E5D-0D5F2AC49F23}
		{60DD92CA-0495-407B-98FF-209F392531FE} = {A2052B2B-3992-4BD3-8452-26E15EF3979A}
		{9BD9A17A-96AF-4778-83C4-A79D1DAEA9CC} = {A2052B2B-3992-4BD3-8452-26E15EF3979A}
		{B166E60A-C1CC-4F42-8574-DFE5D31D8021} = {A2052B2B-3992-4BD3-8452-26E15EF3979A}
		{70056B41-33FD-43EB-9950-A4A8317AE073} = {67AC51AD-A668-4528-8527-6CA80A5EFFE4}
		{1E86B07C-B269-4B17-B494-EF4B39B2B2D7} = {67AC51AD-A668-4528-8527-6CA80A5EFFE4}
		{4EA566C3-B09B-4C97-BBFB-D93EC7799254} = {67AC51AD-A668-4528-8527-6CA80A5EFFE4}
		{D4191966-D5C5-48F0-80F3-94B35D17FBE3} = {49AE4CC6-7E0C-4684-8322-C486921B7E89}
		{53E6D8BB-5174-4F6E-ADD5-0AED4A127806} = {49AE4CC6-7E0C-4684-8322-C486921B7E89}
		{AD9AF50B-39D2-495F-AD83-3A5999BA8ABD} = {49AE4CC6-7E0C-4684-8322-C486921B7E89}
	EndGlobalSection
	GlobalSection(ExtensibilityGlobals) = postSolution
		SolutionGuid = {4F01FB50-4524-4B36-BBAB-6E92EF5B56CF}
	EndGlobalSection
EndGlobal
